
Microsoft Visual Studio Solution File, Format Version 12.00
# Visual Studio Version 17
VisualStudioVersion = 17.5.33530.505
MinimumVisualStudioVersion = 10.0.40219.1
Project("{9A19103F-16F7-4668-BE54-9A1E7A4F7556}") = "Act17.Server", "Server\Act17.Server.csproj", "{18ACD235-6D88-4C2A-AA3F-3ED7A4CFB02D}"
EndProject
Project("{9A19103F-16F7-4668-BE54-9A1E7A4F7556}") = "Act17.Client", "Client\Act17.Client.csproj", "{246F8E06-8A09-413E-AA6C-C005D9CE1B28}"
EndProject
Project("{9A19103F-16F7-4668-BE54-9A1E7A4F7556}") = "Act17.Shared", "Shared\Act17.Shared.csproj", "{AE4D490B-0D72-4F3C-90D0-A6D4DC7A3F6F}"
EndProject
Global
	GlobalSection(SolutionConfigurationPlatforms) = preSolution
		Debug|Any CPU = Debug|Any CPU
		Release|Any CPU = Release|Any CPU
	EndGlobalSection
	GlobalSection(ProjectConfigurationPlatforms) = postSolution
		{18ACD235-6D88-4C2A-AA3F-3ED7A4CFB02D}.Debug|Any CPU.ActiveCfg = Debug|Any CPU
		{18ACD235-6D88-4C2A-AA3F-3ED7A4CFB02D}.Debug|Any CPU.Build.0 = Debug|Any CPU
		{18ACD235-6D88-4C2A-AA3F-3ED7A4CFB02D}.Release|Any CPU.ActiveCfg = Release|Any CPU
		{18ACD235-6D88-4C2A-AA3F-3ED7A4CFB02D}.Release|Any CPU.Build.0 = Release|Any CPU
		{246F8E06-8A09-413E-AA6C-C005D9CE1B28}.Debug|Any CPU.ActiveCfg = Debug|Any CPU
		{246F8E06-8A09-413E-AA6C-C005D9CE1B28}.Debug|Any CPU.Build.0 = Debug|Any CPU
		{246F8E06-8A09-413E-AA6C-C005D9CE1B28}.Release|Any CPU.ActiveCfg = Release|Any CPU
		{246F8E06-8A09-413E-AA6C-C005D9CE1B28}.Release|Any CPU.Build.0 = Release|Any CPU
		{AE4D490B-0D72-4F3C-90D0-A6D4DC7A3F6F}.Debug|Any CPU.ActiveCfg = Debug|Any CPU
		{AE4D490B-0D72-4F3C-90D0-A6D4DC7A3F6F}.Debug|Any CPU.Build.0 = Debug|Any CPU
		{AE4D490B-0D72-4F3C-90D0-A6D4DC7A3F6F}.Release|Any CPU.ActiveCfg = Release|Any CPU
		{AE4D490B-0D72-4F3C-90D0-A6D4DC7A3F6F}.Release|Any CPU.Build.0 = Release|Any CPU
	EndGlobalSection
	GlobalSection(SolutionProperties) = preSolution
		HideSolutionNode = FALSE
	EndGlobalSection
	GlobalSection(ExtensibilityGlobals) = postSolution
		SolutionGuid = {AFC8DC9C-8578-420D-8D2D-3AE94DC426D6}
	EndGlobalSection
EndGlobal
